
Microsoft Visual Studio Solution File, Format Version 12.00
# Visual Studio Version 16
VisualStudioVersion = 16.0.31410.357
MinimumVisualStudioVersion = 10.0.40219.1
Project("{9A19103F-16F7-4668-BE54-9A1E7A4F7556}") = "MyCompanyDataModel", "MyCompanyDataModel\MyCompanyDataModel.csproj", "{43213853-C6F5-4CC4-B1C5-3FEAD2355024}"
EndProject
Global
	GlobalSection(SolutionConfigurationPlatforms) = preSolution
		Debug|Any CPU = Debug|Any CPU
		Release|Any CPU = Release|Any CPU
	EndGlobalSection
	GlobalSection(ProjectConfigurationPlatforms) = postSolution
		{43213853-C6F5-4CC4-B1C5-3FEAD2355024}.Debug|Any CPU.ActiveCfg = Debug|Any CPU
		{43213853-C6F5-4CC4-B1C5-3FEAD2355024}.Debug|Any CPU.Build.0 = Debug|Any CPU
		{43213853-C6F5-4CC4-B1C5-3FEAD2355024}.Release|Any CPU.ActiveCfg = Release|Any CPU
		{43213853-C6F5-4CC4-B1C5-3FEAD2355024}.Release|Any CPU.Build.0 = Release|Any CPU
	EndGlobalSection
	GlobalSection(SolutionProperties) = preSolution
		HideSolutionNode = FALSE
	EndGlobalSection
	GlobalSection(ExtensibilityGlobals) = postSolution
		SolutionGuid = {D985DEAF-F6FE-43E9-8963-EC90A1F4CC1A}
	EndGlobalSection
EndGlobal
