
Microsoft Visual Studio Solution File, Format Version 12.00
# Visual Studio 14
VisualStudioVersion = 14.0.25420.1
MinimumVisualStudioVersion = 10.0.40219.1
Project("{FAE04EC0-301F-11D3-BF4B-00C04F79EFBC}") = "IngeniBridge.Samples.MyCompany", "IngeniBridge.Samples.MyCompany\IngeniBridge.Samples.MyCompany.csproj", "{CBA24FBE-BF39-4F28-ABD1-A695477E97A2}"
EndProject
Project("{FAE04EC0-301F-11D3-BF4B-00C04F79EFBC}") = "MyCompanyDataModel", "MyCompanyDataModel\MyCompanyDataModel.csproj", "{43213853-C6F5-4CC4-B1C5-3FEAD2355024}"
EndProject
Global
	GlobalSection(SolutionConfigurationPlatforms) = preSolution
		Debug|Any CPU = Debug|Any CPU
		Release|Any CPU = Release|Any CPU
	EndGlobalSection
	GlobalSection(ProjectConfigurationPlatforms) = postSolution
		{CBA24FBE-BF39-4F28-ABD1-A695477E97A2}.Debug|Any CPU.ActiveCfg = Debug|Any CPU
		{CBA24FBE-BF39-4F28-ABD1-A695477E97A2}.Debug|Any CPU.Build.0 = Debug|Any CPU
		{CBA24FBE-BF39-4F28-ABD1-A695477E97A2}.Release|Any CPU.ActiveCfg = Release|Any CPU
		{CBA24FBE-BF39-4F28-ABD1-A695477E97A2}.Release|Any CPU.Build.0 = Release|Any CPU
		{43213853-C6F5-4CC4-B1C5-3FEAD2355024}.Debug|Any CPU.ActiveCfg = Debug|Any CPU
		{43213853-C6F5-4CC4-B1C5-3FEAD2355024}.Debug|Any CPU.Build.0 = Debug|Any CPU
		{43213853-C6F5-4CC4-B1C5-3FEAD2355024}.Release|Any CPU.ActiveCfg = Release|Any CPU
		{43213853-C6F5-4CC4-B1C5-3FEAD2355024}.Release|Any CPU.Build.0 = Release|Any CPU
	EndGlobalSection
	GlobalSection(SolutionProperties) = preSolution
		HideSolutionNode = FALSE
	EndGlobalSection
EndGlobal
